
Microsoft Visual Studio Solution File, Format Version 12.00
# Visual Studio Version 16
VisualStudioVersion = 16.0.29230.47
MinimumVisualStudioVersion = 10.0.40219.1
Project("{9A19103F-16F7-4668-BE54-9A1E7A4F7556}") = "Binance.NET", "D:\Projects\Binance.NET\Binance.NET\Binance.NET.csproj", "{CE6CCD02-4486-4529-823B-75386908583F}"
EndProject
Global
	GlobalSection(SolutionConfigurationPlatforms) = preSolution
		Debug|Any CPU = Debug|Any CPU
		Release|Any CPU = Release|Any CPU
	EndGlobalSection
	GlobalSection(ProjectConfigurationPlatforms) = postSolution
		{CE6CCD02-4486-4529-823B-75386908583F}.Debug|Any CPU.ActiveCfg = Debug|Any CPU
		{CE6CCD02-4486-4529-823B-75386908583F}.Debug|Any CPU.Build.0 = Debug|Any CPU
		{CE6CCD02-4486-4529-823B-75386908583F}.Release|Any CPU.ActiveCfg = Release|Any CPU
		{CE6CCD02-4486-4529-823B-75386908583F}.Release|Any CPU.Build.0 = Release|Any CPU
	EndGlobalSection
	GlobalSection(SolutionProperties) = preSolution
		HideSolutionNode = FALSE
	EndGlobalSection
	GlobalSection(ExtensibilityGlobals) = postSolution
		SolutionGuid = {5BF0E4D0-9764-44C9-B9ED-B3912723A06B}
	EndGlobalSection
EndGlobal
